
Microsoft Visual Studio Solution File, Format Version 12.00
# Visual Studio Version 16
VisualStudioVersion = 16.0.30517.126
MinimumVisualStudioVersion = 10.0.40219.1
Project("{8BC9CEB8-8B4A-11D0-8D11-00A0C91BC942}") = "GliFixVf", "GliFixVf\GliFixVf.vcxproj", "{1EC3BBC4-8138-4627-85AB-801015C5A07D}"
EndProject
Project("{8BC9CEB8-8B4A-11D0-8D11-00A0C91BC942}") = "R2FixCfg", "R2FixCfg\R2FixCfg.vcxproj", "{5552F301-C48C-4C38-9453-C68DA5D25F4F}"
EndProject
Global
	GlobalSection(SolutionConfigurationPlatforms) = preSolution
		Debug|x86 = Debug|x86
		Release|x86 = Release|x86
	EndGlobalSection
	GlobalSection(ProjectConfigurationPlatforms) = postSolution
		{1EC3BBC4-8138-4627-85AB-801015C5A07D}.Debug|x86.ActiveCfg = Debug|Win32
		{1EC3BBC4-8138-4627-85AB-801015C5A07D}.Debug|x86.Build.0 = Debug|Win32
		{1EC3BBC4-8138-4627-85AB-801015C5A07D}.Release|x86.ActiveCfg = Release|Win32
		{1EC3BBC4-8138-4627-85AB-801015C5A07D}.Release|x86.Build.0 = Release|Win32
		{5552F301-C48C-4C38-9453-C68DA5D25F4F}.Debug|x86.ActiveCfg = Debug|Win32
		{5552F301-C48C-4C38-9453-C68DA5D25F4F}.Debug|x86.Build.0 = Debug|Win32
		{5552F301-C48C-4C38-9453-C68DA5D25F4F}.Release|x86.ActiveCfg = Release|Win32
		{5552F301-C48C-4C38-9453-C68DA5D25F4F}.Release|x86.Build.0 = Release|Win32
	EndGlobalSection
	GlobalSection(SolutionProperties) = preSolution
		HideSolutionNode = FALSE
	EndGlobalSection
	GlobalSection(ExtensibilityGlobals) = postSolution
		SolutionGuid = {AD38E4A1-97AD-419F-A95F-177434FE2195}
	EndGlobalSection
EndGlobal
